
Microsoft Visual Studio Solution File, Format Version 12.00
# Visual Studio Version 16
VisualStudioVersion = 16.0.30114.105
MinimumVisualStudioVersion = 10.0.40219.1
Project("{FAE04EC0-301F-11D3-BF4B-00C04F79EFBC}") = "ЛР_6.2_СТО", "ЛР_6.2_СТО\ЛР_6.2_СТО.csproj", "{27ED6290-9954-4C8C-85E1-FA073B680504}"
EndProject
Global
	GlobalSection(SolutionConfigurationPlatforms) = preSolution
		Debug|Any CPU = Debug|Any CPU
		Release|Any CPU = Release|Any CPU
	EndGlobalSection
	GlobalSection(ProjectConfigurationPlatforms) = postSolution
		{27ED6290-9954-4C8C-85E1-FA073B680504}.Debug|Any CPU.ActiveCfg = Debug|Any CPU
		{27ED6290-9954-4C8C-85E1-FA073B680504}.Debug|Any CPU.Build.0 = Debug|Any CPU
		{27ED6290-9954-4C8C-85E1-FA073B680504}.Release|Any CPU.ActiveCfg = Release|Any CPU
		{27ED6290-9954-4C8C-85E1-FA073B680504}.Release|Any CPU.Build.0 = Release|Any CPU
	EndGlobalSection
	GlobalSection(SolutionProperties) = preSolution
		HideSolutionNode = FALSE
	EndGlobalSection
	GlobalSection(ExtensibilityGlobals) = postSolution
		SolutionGuid = {301F8DAB-59E6-4C7D-9139-2B1C707E77D2}
	EndGlobalSection
EndGlobal
